
Microsoft Visual Studio Solution File, Format Version 12.00
Project("{FAE04EC0-301F-11D3-BF4B-00C04F79EFBC}") = "DotNet", "DotNet\DotNet.csproj", "{F05507D8-E455-4FCA-AC63-B038ED6A374E}"
EndProject
Global
	GlobalSection(SolutionConfigurationPlatforms) = preSolution
		Debug|Any CPU = Debug|Any CPU
		Release|Any CPU = Release|Any CPU
	EndGlobalSection
	GlobalSection(ProjectConfigurationPlatforms) = postSolution
		{F05507D8-E455-4FCA-AC63-B038ED6A374E}.Debug|Any CPU.ActiveCfg = Debug|Any CPU
		{F05507D8-E455-4FCA-AC63-B038ED6A374E}.Debug|Any CPU.Build.0 = Debug|Any CPU
		{F05507D8-E455-4FCA-AC63-B038ED6A374E}.Release|Any CPU.ActiveCfg = Release|Any CPU
		{F05507D8-E455-4FCA-AC63-B038ED6A374E}.Release|Any CPU.Build.0 = Release|Any CPU
	EndGlobalSection
EndGlobal
